
Microsoft Visual Studio Solution File, Format Version 12.00
# Visual Studio Version 17
VisualStudioVersion = 17.7.34024.191
MinimumVisualStudioVersion = 10.0.40219.1
Project("{FAE04EC0-301F-11D3-BF4B-00C04F79EFBC}") = "DAL", "DAL\DAL.csproj", "{57668720-40F4-4B6B-8CDE-05E3E5B7D48C}"
EndProject
Project("{FAE04EC0-301F-11D3-BF4B-00C04F79EFBC}") = "PRL", "PRL\PRL.csproj", "{58AA9158-A80E-4A18-8C2B-BEFAE0B7CF65}"
EndProject
Global
	GlobalSection(SolutionConfigurationPlatforms) = preSolution
		Debug|Any CPU = Debug|Any CPU
		Release|Any CPU = Release|Any CPU
	EndGlobalSection
	GlobalSection(ProjectConfigurationPlatforms) = postSolution
		{57668720-40F4-4B6B-8CDE-05E3E5B7D48C}.Debug|Any CPU.ActiveCfg = Debug|Any CPU
		{57668720-40F4-4B6B-8CDE-05E3E5B7D48C}.Debug|Any CPU.Build.0 = Debug|Any CPU
		{57668720-40F4-4B6B-8CDE-05E3E5B7D48C}.Release|Any CPU.ActiveCfg = Release|Any CPU
		{57668720-40F4-4B6B-8CDE-05E3E5B7D48C}.Release|Any CPU.Build.0 = Release|Any CPU
		{58AA9158-A80E-4A18-8C2B-BEFAE0B7CF65}.Debug|Any CPU.ActiveCfg = Debug|Any CPU
		{58AA9158-A80E-4A18-8C2B-BEFAE0B7CF65}.Debug|Any CPU.Build.0 = Debug|Any CPU
		{58AA9158-A80E-4A18-8C2B-BEFAE0B7CF65}.Release|Any CPU.ActiveCfg = Release|Any CPU
		{58AA9158-A80E-4A18-8C2B-BEFAE0B7CF65}.Release|Any CPU.Build.0 = Release|Any CPU
	EndGlobalSection
	GlobalSection(SolutionProperties) = preSolution
		HideSolutionNode = FALSE
	EndGlobalSection
	GlobalSection(ExtensibilityGlobals) = postSolution
		SolutionGuid = {2312A9A0-764B-4AB7-BFDD-2CB80B2286A0}
	EndGlobalSection
EndGlobal
